// !$*UTF8*$!
{
	archiveVersion = 1;
	classes = {
	};
	objectVersion = 46;
	objects = {

/* Begin PBXBuildFile section */
		23A28F3519A66E6000D054FB /* Foundation.framework in Frameworks */ = {isa = PBXBuildFile; fileRef = 23A28F3419A66E6000D054FB /* Foundation.framework */; };
		23A28F3719A66E6000D054FB /* CoreGraphics.framework in Frameworks */ = {isa = PBXBuildFile; fileRef = 23A28F3619A66E6000D054FB /* CoreGraphics.framework */; };
		23A28F3919A66E6000D054FB /* UIKit.framework in Frameworks */ = {isa = PBXBuildFile; fileRef = 23A28F3819A66E6000D054FB /* UIKit.framework */; };
		23A28F3F19A66E6000D054FB /* InfoPlist.strings in Resources */ = {isa = PBXBuildFile; fileRef = 23A28F3D19A66E6000D054FB /* InfoPlist.strings */; };
		23A28F4119A66E6000D054FB /* main.m in Sources */ = {isa = PBXBuildFile; fileRef = 23A28F4019A66E6000D054FB /* main.m */; };
		23A28F4519A66E6000D054FB /* AppDelegate.m in Sources */ = {isa = PBXBuildFile; fileRef = 23A28F4419A66E6000D054FB /* AppDelegate.m */; };
		23A28F4819A66E6000D054FB /* Main.storyboard in Resources */ = {isa = PBXBuildFile; fileRef = 23A28F4619A66E6000D054FB /* Main.storyboard */; };
		23A28F4B19A66E6000D054FB /* ViewController.m in Sources */ = {isa = PBXBuildFile; fileRef = 23A28F4A19A66E6000D054FB /* ViewController.m */; };
		23A28F4D19A66E6000D054FB /* Images.xcassets in Resources */ = {isa = PBXBuildFile; fileRef = 23A28F4C19A66E6000D054FB /* Images.xcassets */; };
		23A28F5419A66E6000D054FB /* XCTest.framework in Frameworks */ = {isa = PBXBuildFile; fileRef = 23A28F5319A66E6000D054FB /* XCTest.framework */; };
		23A28F5519A66E6000D054FB /* Foundation.framework in Frameworks */ = {isa = PBXBuildFile; fileRef = 23A28F3419A66E6000D054FB /* Foundation.framework */; };
		23A28F5619A66E6000D054FB /* UIKit.framework in Frameworks */ = {isa = PBXBuildFile; fileRef = 23A28F3819A66E6000D054FB /* UIKit.framework */; };
		23A28F5E19A66E6000D054FB /* InfoPlist.strings in Resources */ = {isa = PBXBuildFile; fileRef = 23A28F5C19A66E6000D054FB /* InfoPlist.strings */; };
		23A28F6019A66E6000D054FB /* CollectionViewsTests.m in Sources */ = {isa = PBXBuildFile; fileRef = 23A28F5F19A66E6000D054FB /* CollectionViewsTests.m */; };
		23A28F6B19A6735900D054FB /* Cell.m in Sources */ = {isa = PBXBuildFile; fileRef = 23A28F6A19A6735900D054FB /* Cell.m */; };
/* End PBXBuildFile section */

/* Begin PBXContainerItemProxy section */
		23A28F5719A66E6000D054FB /* PBXContainerItemProxy */ = {
			isa = PBXContainerItemProxy;
			containerPortal = 23A28F2919A66E6000D054FB /* Project object */;
			proxyType = 1;
			remoteGlobalIDString = 23A28F3019A66E6000D054FB;
			remoteInfo = CollectionViews;
		};
/* End PBXContainerItemProxy section */

/* Begin PBXFileReference section */
		23A28F3119A66E6000D054FB /* CollectionViews.app */ = {isa = PBXFileReference; explicitFileType = wrapper.application; includeInIndex = 0; path = CollectionViews.app; sourceTree = BUILT_PRODUCTS_DIR; };
		23A28F3419A66E6000D054FB /* Foundation.framework */ = {isa = PBXFileReference; lastKnownFileType = wrapper.framework; name = Foundation.framework; path = System/Library/Frameworks/Foundation.framework; sourceTree = SDKROOT; };
		23A28F3619A66E6000D054FB /* CoreGraphics.framework */ = {isa = PBXFileReference; lastKnownFileType = wrapper.framework; name = CoreGraphics.framework; path = System/Library/Frameworks/CoreGraphics.framework; sourceTree = SDKROOT; };
		23A28F3819A66E6000D054FB /* UIKit.framework */ = {isa = PBXFileReference; lastKnownFileType = wrapper.framework; name = UIKit.framework; path = System/Library/Frameworks/UIKit.framework; sourceTree = SDKROOT; };
		23A28F3C19A66E6000D054FB /* CollectionViews-Info.plist */ = {isa = PBXFileReference; lastKnownFileType = text.plist.xml; path = "CollectionViews-Info.plist"; sourceTree = "<group>"; };
		23A28F3E19A66E6000D054FB /* en */ = {isa = PBXFileReference; lastKnownFileType = text.plist.strings; name = en; path = en.lproj/InfoPlist.strings; sourceTree = "<group>"; };
		23A28F4019A66E6000D054FB /* main.m */ = {isa = PBXFileReference; lastKnownFileType = sourcecode.c.objc; path = main.m; sourceTree = "<group>"; };
		23A28F4219A66E6000D054FB /* CollectionViews-Prefix.pch */ = {isa = PBXFileReference; lastKnownFileType = sourcecode.c.h; path = "CollectionViews-Prefix.pch"; sourceTree = "<group>"; };
		23A28F4319A66E6000D054FB /* AppDelegate.h */ = {isa = PBXFileReference; lastKnownFileType = sourcecode.c.h; path = AppDelegate.h; sourceTree = "<group>"; };
		23A28F4419A66E6000D054FB /* AppDelegate.m */ = {isa = PBXFileReference; lastKnownFileType = sourcecode.c.objc; path = AppDelegate.m; sourceTree = "<group>"; };
		23A28F4719A66E6000D054FB /* Base */ = {isa = PBXFileReference; lastKnownFileType = file.storyboard; name = Base; path = Base.lproj/Main.storyboard; sourceTree = "<group>"; };
		23A28F4919A66E6000D054FB /* ViewController.h */ = {isa = PBXFileReference; lastKnownFileType = sourcecode.c.h; path = ViewController.h; sourceTree = "<group>"; };
		23A28F4A19A66E6000D054FB /* ViewController.m */ = {isa = PBXFileReference; lastKnownFileType = sourcecode.c.objc; path = ViewController.m; sourceTree = "<group>"; };
		23A28F4C19A66E6000D054FB /* Images.xcassets */ = {isa = PBXFileReference; lastKnownFileType = folder.assetcatalog; path = Images.xcassets; sourceTree = "<group>"; };
		23A28F5219A66E6000D054FB /* CollectionViewsTests.xctest */ = {isa = PBXFileReference; explicitFileType = wrapper.cfbundle; includeInIndex = 0; path = CollectionViewsTests.xctest; sourceTree = BUILT_PRODUCTS_DIR; };
		23A28F5319A66E6000D054FB /* XCTest.framework */ = {isa = PBXFileReference; lastKnownFileType = wrapper.framework; name = XCTest.framework; path = Library/Frameworks/XCTest.framework; sourceTree = DEVELOPER_DIR; };
		23A28F5B19A66E6000D054FB /* CollectionViewsTests-Info.plist */ = {isa = PBXFileReference; lastKnownFileType = text.plist.xml; path = "CollectionViewsTests-Info.plist"; sourceTree = "<group>"; };
		23A28F5D19A66E6000D054FB /* en */ = {isa = PBXFileReference; lastKnownFileType = text.plist.strings; name = en; path = en.lproj/InfoPlist.strings; sourceTree = "<group>"; };
		23A28F5F19A66E6000D054FB /* CollectionViewsTests.m */ = {isa = PBXFileReference; lastKnownFileType = sourcecode.c.objc; path = CollectionViewsTests.m; sourceTree = "<group>"; };
		23A28F6919A6735900D054FB /* Cell.h */ = {isa = PBXFileReference; fileEncoding = 4; lastKnownFileType = sourcecode.c.h; path = Cell.h; sourceTree = "<group>"; };
		23A28F6A19A6735900D054FB /* Cell.m */ = {isa = PBXFileReference; fileEncoding = 4; lastKnownFileType = sourcecode.c.objc; path = Cell.m; sourceTree = "<group>"; };
/* End PBXFileReference section */

/* Begin PBXFrameworksBuildPhase section */
		23A28F2E19A66E6000D054FB /* Frameworks */ = {
			isa = PBXFrameworksBuildPhase;
			buildActionMask = 2147483647;
			files = (
				23A28F3719A66E6000D054FB /* CoreGraphics.framework in Frameworks */,
				23A28F3919A66E6000D054FB /* UIKit.framework in Frameworks */,
				23A28F3519A66E6000D054FB /* Foundation.framework in Frameworks */,
			);
			runOnlyForDeploymentPostprocessing = 0;
		};
		23A28F4F19A66E6000D054FB /* Frameworks */ = {
			isa = PBXFrameworksBuildPhase;
			buildActionMask = 2147483647;
			files = (
				23A28F5419A66E6000D054FB /* XCTest.framework in Frameworks */,
				23A28F5619A66E6000D054FB /* UIKit.framework in Frameworks */,
				23A28F5519A66E6000D054FB /* Foundation.framework in Frameworks */,
			);
			runOnlyForDeploymentPostprocessing = 0;
		};
/* End PBXFrameworksBuildPhase section */

/* Begin PBXGroup section */
		23A28F2819A66E6000D054FB = {
			isa = PBXGroup;
			children = (
				23A28F3A19A66E6000D054FB /* CollectionViews */,
				23A28F5919A66E6000D054FB /* CollectionViewsTests */,
				23A28F3319A66E6000D054FB /* Frameworks */,
				23A28F3219A66E6000D054FB /* Products */,
			);
			sourceTree = "<group>";
		};
		23A28F3219A66E6000D054FB /* Products */ = {
			isa = PBXGroup;
			children = (
				23A28F3119A66E6000D054FB /* CollectionViews.app */,
				23A28F5219A66E6000D054FB /* CollectionViewsTests.xctest */,
			);
			name = Products;
			sourceTree = "<group>";
		};
		23A28F3319A66E6000D054FB /* Frameworks */ = {
			isa = PBXGroup;
			children = (
				23A28F3419A66E6000D054FB /* Foundation.framework */,
				23A28F3619A66E6000D054FB /* CoreGraphics.framework */,
				23A28F3819A66E6000D054FB /* UIKit.framework */,
				23A28F5319A66E6000D054FB /* XCTest.framework */,
			);
			name = Frameworks;
			sourceTree = "<group>";
		};
		23A28F3A19A66E6000D054FB /* CollectionViews */ = {
			isa = PBXGroup;
			children = (
				23A28F4319A66E6000D054FB /* AppDelegate.h */,
				23A28F4419A66E6000D054FB /* AppDelegate.m */,
				23A28F4619A66E6000D054FB /* Main.storyboard */,
				23A28F4919A66E6000D054FB /* ViewController.h */,
				23A28F4A19A66E6000D054FB /* ViewController.m */,
				23A28F6919A6735900D054FB /* Cell.h */,
				23A28F6A19A6735900D054FB /* Cell.m */,
				23A28F4C19A66E6000D054FB /* Images.xcassets */,
				23A28F3B19A66E6000D054FB /* Supporting Files */,
			);
			path = CollectionViews;
			sourceTree = "<group>";
		};
		23A28F3B19A66E6000D054FB /* Supporting Files */ = {
			isa = PBXGroup;
			children = (
				23A28F3C19A66E6000D054FB /* CollectionViews-Info.plist */,
				23A28F3D19A66E6000D054FB /* InfoPlist.strings */,
				23A28F4019A66E6000D054FB /* main.m */,
				23A28F4219A66E6000D054FB /* CollectionViews-Prefix.pch */,
			);
			name = "Supporting Files";
			sourceTree = "<group>";
		};
		23A28F5919A66E6000D054FB /* CollectionViewsTests */ = {
			isa = PBXGroup;
			children = (
				23A28F5F19A66E6000D054FB /* CollectionViewsTests.m */,
				23A28F5A19A66E6000D054FB /* Supporting Files */,
			);
			path = CollectionViewsTests;
			sourceTree = "<group>";
		};
		23A28F5A19A66E6000D054FB /* Supporting Files */ = {
			isa = PBXGroup;
			children = (
				23A28F5B19A66E6000D054FB /* CollectionViewsTests-Info.plist */,
				23A28F5C19A66E6000D054FB /* InfoPlist.strings */,
			);
			name = "Supporting Files";
			sourceTree = "<group>";
		};
/* End PBXGroup section */

/* Begin PBXNativeTarget section */
		23A28F3019A66E6000D054FB /* CollectionViews */ = {
			isa = PBXNativeTarget;
			buildConfigurationList = 23A28F6319A66E6000D054FB /* Build configuration list for PBXNativeTarget "CollectionViews" */;
			buildPhases = (
				23A28F2D19A66E6000D054FB /* Sources */,
				23A28F2E19A66E6000D054FB /* Frameworks */,
				23A28F2F19A66E6000D054FB /* Resources */,
			);
			buildRules = (
			);
			dependencies = (
			);
			name = CollectionViews;
			productName = CollectionViews;
			productReference = 23A28F3119A66E6000D054FB /* CollectionViews.app */;
			productType = "com.apple.product-type.application";
		};
		23A28F5119A66E6000D054FB /* CollectionViewsTests */ = {
			isa = PBXNativeTarget;
			buildConfigurationList = 23A28F6619A66E6000D054FB /* Build configuration list for PBXNativeTarget "CollectionViewsTests" */;
			buildPhases = (
				23A28F4E19A66E6000D054FB /* Sources */,
				23A28F4F19A66E6000D054FB /* Frameworks */,
				23A28F5019A66E6000D054FB /* Resources */,
			);
			buildRules = (
			);
			dependencies = (
				23A28F5819A66E6000D054FB /* PBXTargetDependency */,
			);
			name = CollectionViewsTests;
			productName = CollectionViewsTests;
			productReference = 23A28F5219A66E6000D054FB /* CollectionViewsTests.xctest */;
			productType = "com.apple.product-type.bundle.unit-test";
		};
/* End PBXNativeTarget section */

/* Begin PBXProject section */
		23A28F2919A66E6000D054FB /* Project object */ = {
			isa = PBXProject;
			attributes = {
				LastUpgradeCheck = 0510;
				ORGANIZATIONNAME = "Jaideep Shah";
				TargetAttributes = {
					23A28F5119A66E6000D054FB = {
						TestTargetID = 23A28F3019A66E6000D054FB;
					};
				};
			};
			buildConfigurationList = 23A28F2C19A66E6000D054FB /* Build configuration list for PBXProject "CollectionViews" */;
			compatibilityVersion = "Xcode 3.2";
			developmentRegion = English;
			hasScannedForEncodings = 0;
			knownRegions = (
				en,
				Base,
			);
			mainGroup = 23A28F2819A66E6000D054FB;
			productRefGroup = 23A28F3219A66E6000D054FB /* Products */;
			projectDirPath = "";
			projectRoot = "";
			targets = (
				23A28F3019A66E6000D054FB /* CollectionViews */,
				23A28F5119A66E6000D054FB /* CollectionViewsTests */,
			);
		};
/* End PBXProject section */

/* Begin PBXResourcesBuildPhase section */
		23A28F2F19A66E6000D054FB /* Resources */ = {
			isa = PBXResourcesBuildPhase;
			buildActionMask = 2147483647;
			files = (
				23A28F4D19A66E6000D054FB /* Images.xcassets in Resources */,
				23A28F3F19A66E6000D054FB /* InfoPlist.strings in Resources */,
				23A28F4819A66E6000D054FB /* Main.storyboard in Resources */,
			);
			runOnlyForDeploymentPostprocessing = 0;
		};
		23A28F5019A66E6000D054FB /* Resources */ = {
			isa = PBXResourcesBuildPhase;
			buildActionMask = 2147483647;
			files = (
				23A28F5E19A66E6000D054FB /* InfoPlist.strings in Resources */,
			);
			runOnlyForDeploymentPostprocessing = 0;
		};
/* End PBXResourcesBuildPhase section */

/* Begin PBXSourcesBuildPhase section */
		23A28F2D19A66E6000D054FB /* Sources */ = {
			isa = PBXSourcesBuildPhase;
			buildActionMask = 2147483647;
			files = (
				23A28F4B19A66E6000D054FB /* ViewController.m in Sources */,
				23A28F6B19A6735900D054FB /* Cell.m in Sources */,
				23A28F4519A66E6000D054FB /* AppDelegate.m in Sources */,
				23A28F4119A66E6000D054FB /* main.m in Sources */,
			);
			runOnlyForDeploymentPostprocessing = 0;
		};
		23A28F4E19A66E6000D054FB /* Sources */ = {
			isa = PBXSourcesBuildPhase;
			buildActionMask = 2147483647;
			files = (
				23A28F6019A66E6000D054FB /* CollectionViewsTests.m in Sources */,
			);
			runOnlyForDeploymentPostprocessing = 0;
		};
/* End PBXSourcesBuildPhase section */

/* Begin PBXTargetDependency section */
		23A28F5819A66E6000D054FB /* PBXTargetDependency */ = {
			isa = PBXTargetDependency;
			target = 23A28F3019A66E6000D054FB /* CollectionViews */;
			targetProxy = 23A28F5719A66E6000D054FB /* PBXContainerItemProxy */;
		};
/* End PBXTargetDependency section */

/* Begin PBXVariantGroup section */
		23A28F3D19A66E6000D054FB /* InfoPlist.strings */ = {
			isa = PBXVariantGroup;
			children = (
				23A28F3E19A66E6000D054FB /* en */,
			);
			name = InfoPlist.strings;
			sourceTree = "<group>";
		};
		23A28F4619A66E6000D054FB /* Main.storyboard */ = {
			isa = PBXVariantGroup;
			children = (
				23A28F4719A66E6000D054FB /* Base */,
			);
			name = Main.storyboard;
			sourceTree = "<group>";
		};
		23A28F5C19A66E6000D054FB /* InfoPlist.strings */ = {
			isa = PBXVariantGroup;
			children = (
				23A28F5D19A66E6000D054FB /* en */,
			);
			name = InfoPlist.strings;
			sourceTree = "<group>";
		};
/* End PBXVariantGroup section */

/* Begin XCBuildConfiguration section */
		23A28F6119A66E6000D054FB /* Debug */ = {
			isa = XCBuildConfiguration;
			buildSettings = {
				ALWAYS_SEARCH_USER_PATHS = NO;
				CLANG_CXX_LANGUAGE_STANDARD = "gnu++0x";
				CLANG_CXX_LIBRARY = "libc++";
				CLANG_ENABLE_MODULES = YES;
				CLANG_ENABLE_OBJC_ARC = YES;
				CLANG_WARN_BOOL_CONVERSION = YES;
				CLANG_WARN_CONSTANT_CONVERSION = YES;
				CLANG_WARN_DIRECT_OBJC_ISA_USAGE = YES_ERROR;
				CLANG_WARN_EMPTY_BODY = YES;
				CLANG_WARN_ENUM_CONVERSION = YES;
				CLANG_WARN_INT_CONVERSION = YES;
				CLANG_WARN_OBJC_ROOT_CLASS = YES_ERROR;
				CLANG_WARN__DUPLICATE_METHOD_MATCH = YES;
				"CODE_SIGN_IDENTITY[sdk=iphoneos*]" = "iPhone Developer";
				COPY_PHASE_STRIP = NO;
				GCC_C_LANGUAGE_STANDARD = gnu99;
				GCC_DYNAMIC_NO_PIC = NO;
				GCC_OPTIMIZATION_LEVEL = 0;
				GCC_PREPROCESSOR_DEFINITIONS = (
					"DEBUG=1",
					"$(inherited)",
				);
				GCC_SYMBOLS_PRIVATE_EXTERN = NO;
				GCC_WARN_64_TO_32_BIT_CONVERSION = YES;
				GCC_WARN_ABOUT_RETURN_TYPE = YES_ERROR;
				GCC_WARN_UNDECLARED_SELECTOR = YES;
				GCC_WARN_UNINITIALIZED_AUTOS = YES_AGGRESSIVE;
				GCC_WARN_UNUSED_FUNCTION = YES;
				GCC_WARN_UNUSED_VARIABLE = YES;
				IPHONEOS_DEPLOYMENT_TARGET = 7.1;
				ONLY_ACTIVE_ARCH = YES;
				SDKROOT = iphoneos;
			};
			name = Debug;
		};
		23A28F6219A66E6000D054FB /* Release */ = {
			isa = XCBuildConfiguration;
			buildSettings = {
				ALWAYS_SEARCH_USER_PATHS = NO;
				CLANG_CXX_LANGUAGE_STANDARD = "gnu++0x";
				CLANG_CXX_LIBRARY = "libc++";
				CLANG_ENABLE_MODULES = YES;
				CLANG_ENABLE_OBJC_ARC = YES;
				CLANG_WARN_BOOL_CONVERSION = YES;
				CLANG_WARN_CONSTANT_CONVERSION = YES;
				CLANG_WARN_DIRECT_OBJC_ISA_USAGE = YES_ERROR;
				CLANG_WARN_EMPTY_BODY = YES;
				CLANG_WARN_ENUM_CONVERSION = YES;
				CLANG_WARN_INT_CONVERSION = YES;
				CLANG_WARN_OBJC_ROOT_CLASS = YES_ERROR;
				CLANG_WARN__DUPLICATE_METHOD_MATCH = YES;
				"CODE_SIGN_IDENTITY[sdk=iphoneos*]" = "iPhone Developer";
				COPY_PHASE_STRIP = YES;
				ENABLE_NS_ASSERTIONS = NO;
				GCC_C_LANGUAGE_STANDARD = gnu99;
				GCC_WARN_64_TO_32_BIT_CONVERSION = YES;
				GCC_WARN_ABOUT_RETURN_TYPE = YES_ERROR;
				GCC_WARN_UNDECLARED_SELECTOR = YES;
				GCC_WARN_UNINITIALIZED_AUTOS = YES_AGGRESSIVE;
				GCC_WARN_UNUSED_FUNCTION = YES;
				GCC_WARN_UNUSED_VARIABLE = YES;
				IPHONEOS_DEPLOYMENT_TARGET = 7.1;
				SDKROOT = iphoneos;
				VALIDATE_PRODUCT = YES;
			};
			name = Release;
		};
		23A28F6419A66E6000D054FB /* Debug */ = {
			isa = XCBuildConfiguration;
			buildSettings = {
				ASSETCATALOG_COMPILER_APPICON_NAME = AppIcon;
				ASSETCATALOG_COMPILER_LAUNCHIMAGE_NAME = LaunchImage;
				GCC_PRECOMPILE_PREFIX_HEADER = YES;
				GCC_PREFIX_HEADER = "CollectionViews/CollectionViews-Prefix.pch";
				INFOPLIST_FILE = "CollectionViews/CollectionViews-Info.plist";
				PRODUCT_NAME = "$(TARGET_NAME)";
				WRAPPER_EXTENSION = app;
			};
			name = Debug;
		};
		23A28F6519A66E6000D054FB /* Release */ = {
			isa = XCBuildConfiguration;
			buildSettings = {
				ASSETCATALOG_COMPILER_APPICON_NAME = AppIcon;
				ASSETCATALOG_COMPILER_LAUNCHIMAGE_NAME = LaunchImage;
				GCC_PRECOMPILE_PREFIX_HEADER = YES;
				GCC_PREFIX_HEADER = "CollectionViews/CollectionViews-Prefix.pch";
				INFOPLIST_FILE = "CollectionViews/CollectionViews-Info.plist";
				PRODUCT_NAME = "$(TARGET_NAME)";
				WRAPPER_EXTENSION = app;
			};
			name = Release;
		};
		23A28F6719A66E6000D054FB /* Debug */ = {
			isa = XCBuildConfiguration;
			buildSettings = {
				BUNDLE_LOADER = "$(BUILT_PRODUCTS_DIR)/CollectionViews.app/CollectionViews";
				FRAMEWORK_SEARCH_PATHS = (
					"$(SDKROOT)/Developer/Library/Frameworks",
					"$(inherited)",
					"$(DEVELOPER_FRAMEWORKS_DIR)",
				);
				GCC_PRECOMPILE_PREFIX_HEADER = YES;
				GCC_PREFIX_HEADER = "CollectionViews/CollectionViews-Prefix.pch";
				GCC_PREPROCESSOR_DEFINITIONS = (
					"DEBUG=1",
					"$(inherited)",
				);
				INFOPLIST_FILE = "CollectionViewsTests/CollectionViewsTests-Info.plist";
				PRODUCT_NAME = "$(TARGET_NAME)";
				TEST_HOST = "$(BUNDLE_LOADER)";
				WRAPPER_EXTENSION = xctest;
			};
			name = Debug;
		};
		23A28F6819A66E6000D054FB /* Release */ = {
			isa = XCBuildConfiguration;
			buildSettings = {
				BUNDLE_LOADER = "$(BUILT_PRODUCTS_DIR)/CollectionViews.app/CollectionViews";
				FRAMEWORK_SEARCH_PATHS = (
					"$(SDKROOT)/Developer/Library/Frameworks",
					"$(inherited)",
					"$(DEVELOPER_FRAMEWORKS_DIR)",
				);
				GCC_PRECOMPILE_PREFIX_HEADER = YES;
				GCC_PREFIX_HEADER = "CollectionViews/CollectionViews-Prefix.pch";
				INFOPLIST_FILE = "CollectionViewsTests/CollectionViewsTests-Info.plist";
				PRODUCT_NAME = "$(TARGET_NAME)";
				TEST_HOST = "$(BUNDLE_LOADER)";
				WRAPPER_EXTENSION = xctest;
			};
			name = Release;
		};
/* End XCBuildConfiguration section */

/* Begin XCConfigurationList section */
		23A28F2C19A66E6000D054FB /* Build configuration list for PBXProject "CollectionViews" */ = {
			isa = XCConfigurationList;
			buildConfigurations = (
				23A28F6119A66E6000D054FB /* Debug */,
				23A28F6219A66E6000D054FB /* Release */,
			);
			defaultConfigurationIsVisible = 0;
			defaultConfigurationName = Release;
		};
		23A28F6319A66E6000D054FB /* Build configuration list for PBXNativeTarget "CollectionViews" */ = {
			isa = XCConfigurationList;
			buildConfigurations = (
				23A28F6419A66E6000D054FB /* Debug */,
				23A28F6519A66E6000D054FB /* Release */,
			);
			defaultConfigurationIsVisible = 0;
		};
		23A28F6619A66E6000D054FB /* Build configuration list for PBXNativeTarget "CollectionViewsTests" */ = {
			isa = XCConfigurationList;
			buildConfigurations = (
				23A28F6719A66E6000D054FB /* Debug */,
				23A28F6819A66E6000D054FB /* Release */,
			);
			defaultConfigurationIsVisible = 0;
		};
/* End XCConfigurationList section */
	};
	rootObject = 23A28F2919A66E6000D054FB /* Project object */;
}
